// !$*UTF8*$!
{
	archiveVersion = 1;
	classes = {
	};
	objectVersion = 56;
	objects = {

/* Begin PBXBuildFile section */
		BF0C37F52C08FB10000BAD20 /* main.swift in Sources */ = {isa = PBXBuildFile; fileRef = BF0C37F42C08FB10000BAD20 /* main.swift */; };
		BF0C37FF2C090403000BAD20 /* Employee.swift in Sources */ = {isa = PBXBuildFile; fileRef = BF0C37FE2C090403000BAD20 /* Employee.swift */; };
		BF0C38012C0904AD000BAD20 /* Company.swift in Sources */ = {isa = PBXBuildFile; fileRef = BF0C38002C0904AD000BAD20 /* Company.swift */; };
		BF0C38032C0904DF000BAD20 /* Decoder.swift in Sources */ = {isa = PBXBuildFile; fileRef = BF0C38022C0904DF000BAD20 /* Decoder.swift */; };
		BFEDC96E2C0A81EA002DE44A /* Controller.swift in Sources */ = {isa = PBXBuildFile; fileRef = BFEDC96D2C0A81E9002DE44A /* Controller.swift */; };
/* End PBXBuildFile section */

/* Begin PBXCopyFilesBuildPhase section */
		BF0C37EF2C08FB0F000BAD20 /* CopyFiles */ = {
			isa = PBXCopyFilesBuildPhase;
			buildActionMask = 2147483647;
			dstPath = /usr/share/man/man1/;
			dstSubfolderSpec = 0;
			files = (
			);
			runOnlyForDeploymentPostprocessing = 1;
		};
/* End PBXCopyFilesBuildPhase section */

/* Begin PBXFileReference section */
		BF0C37F12C08FB10000BAD20 /* testMVC */ = {isa = PBXFileReference; explicitFileType = "compiled.mach-o.executable"; includeInIndex = 0; path = testMVC; sourceTree = BUILT_PRODUCTS_DIR; };
		BF0C37F42C08FB10000BAD20 /* main.swift */ = {isa = PBXFileReference; lastKnownFileType = sourcecode.swift; path = main.swift; sourceTree = "<group>"; };
		BF0C37FE2C090403000BAD20 /* Employee.swift */ = {isa = PBXFileReference; lastKnownFileType = sourcecode.swift; path = Employee.swift; sourceTree = "<group>"; };
		BF0C38002C0904AD000BAD20 /* Company.swift */ = {isa = PBXFileReference; lastKnownFileType = sourcecode.swift; path = Company.swift; sourceTree = "<group>"; };
		BF0C38022C0904DF000BAD20 /* Decoder.swift */ = {isa = PBXFileReference; lastKnownFileType = sourcecode.swift; path = Decoder.swift; sourceTree = "<group>"; };
		BF0C38042C091F1E000BAD20 /* testEmployee.json */ = {isa = PBXFileReference; lastKnownFileType = text.json; path = testEmployee.json; sourceTree = "<group>"; };
		BFEDC96D2C0A81E9002DE44A /* Controller.swift */ = {isa = PBXFileReference; lastKnownFileType = sourcecode.swift; path = Controller.swift; sourceTree = "<group>"; };
/* End PBXFileReference section */

/* Begin PBXFrameworksBuildPhase section */
		BF0C37EE2C08FB0F000BAD20 /* Frameworks */ = {
			isa = PBXFrameworksBuildPhase;
			buildActionMask = 2147483647;
			files = (
			);
			runOnlyForDeploymentPostprocessing = 0;
		};
/* End PBXFrameworksBuildPhase section */

/* Begin PBXGroup section */
		BF0C37E82C08FB0F000BAD20 = {
			isa = PBXGroup;
			children = (
				BF0C37F32C08FB10000BAD20 /* testMVC */,
				BF0C37F22C08FB10000BAD20 /* Products */,
			);
			sourceTree = "<group>";
		};
		BF0C37F22C08FB10000BAD20 /* Products */ = {
			isa = PBXGroup;
			children = (
				BF0C37F12C08FB10000BAD20 /* testMVC */,
			);
			name = Products;
			sourceTree = "<group>";
		};
		BF0C37F32C08FB10000BAD20 /* testMVC */ = {
			isa = PBXGroup;
			children = (
				BF0C37FD2C08FB31000BAD20 /* Controller */,
				BF0C37FC2C08FB26000BAD20 /* View */,
				BF0C37FB2C08FB1C000BAD20 /* Model */,
			);
			path = testMVC;
			sourceTree = "<group>";
		};
		BF0C37FB2C08FB1C000BAD20 /* Model */ = {
			isa = PBXGroup;
			children = (
				BF0C37FE2C090403000BAD20 /* Employee.swift */,
				BF0C38002C0904AD000BAD20 /* Company.swift */,
				BF0C38042C091F1E000BAD20 /* testEmployee.json */,
				BF0C38022C0904DF000BAD20 /* Decoder.swift */,
			);
			path = Model;
			sourceTree = "<group>";
		};
		BF0C37FC2C08FB26000BAD20 /* View */ = {
			isa = PBXGroup;
			children = (
				BF0C37F42C08FB10000BAD20 /* main.swift */,
			);
			path = View;
			sourceTree = "<group>";
		};
		BF0C37FD2C08FB31000BAD20 /* Controller */ = {
			isa = PBXGroup;
			children = (
				BFEDC96D2C0A81E9002DE44A /* Controller.swift */,
			);
			path = Controller;
			sourceTree = "<group>";
		};
/* End PBXGroup section */

/* Begin PBXNativeTarget section */
		BF0C37F02C08FB0F000BAD20 /* testMVC */ = {
			isa = PBXNativeTarget;
			buildConfigurationList = BF0C37F82C08FB10000BAD20 /* Build configuration list for PBXNativeTarget "testMVC" */;
			buildPhases = (
				BF0C37ED2C08FB0F000BAD20 /* Sources */,
				BF0C37EE2C08FB0F000BAD20 /* Frameworks */,
				BF0C37EF2C08FB0F000BAD20 /* CopyFiles */,
			);
			buildRules = (
			);
			dependencies = (
			);
			name = testMVC;
			productName = testMVC;
			productReference = BF0C37F12C08FB10000BAD20 /* testMVC */;
			productType = "com.apple.product-type.tool";
		};
/* End PBXNativeTarget section */

/* Begin PBXProject section */
		BF0C37E92C08FB0F000BAD20 /* Project object */ = {
			isa = PBXProject;
			attributes = {
				BuildIndependentTargetsInParallel = 1;
				LastSwiftUpdateCheck = 1520;
				LastUpgradeCheck = 1520;
				TargetAttributes = {
					BF0C37F02C08FB0F000BAD20 = {
						CreatedOnToolsVersion = 15.2;
					};
				};
			};
			buildConfigurationList = BF0C37EC2C08FB0F000BAD20 /* Build configuration list for PBXProject "testMVC" */;
			compatibilityVersion = "Xcode 14.0";
			developmentRegion = en;
			hasScannedForEncodings = 0;
			knownRegions = (
				en,
				Base,
			);
			mainGroup = BF0C37E82C08FB0F000BAD20;
			productRefGroup = BF0C37F22C08FB10000BAD20 /* Products */;
			projectDirPath = "";
			projectRoot = "";
			targets = (
				BF0C37F02C08FB0F000BAD20 /* testMVC */,
			);
		};
/* End PBXProject section */

/* Begin PBXSourcesBuildPhase section */
		BF0C37ED2C08FB0F000BAD20 /* Sources */ = {
			isa = PBXSourcesBuildPhase;
			buildActionMask = 2147483647;
			files = (
				BFEDC96E2C0A81EA002DE44A /* Controller.swift in Sources */,
				BF0C37F52C08FB10000BAD20 /* main.swift in Sources */,
				BF0C37FF2C090403000BAD20 /* Employee.swift in Sources */,
				BF0C38032C0904DF000BAD20 /* Decoder.swift in Sources */,
				BF0C38012C0904AD000BAD20 /* Company.swift in Sources */,
			);
			runOnlyForDeploymentPostprocessing = 0;
		};
/* End PBXSourcesBuildPhase section */

/* Begin XCBuildConfiguration section */
		BF0C37F62C08FB10000BAD20 /* Debug */ = {
			isa = XCBuildConfiguration;
			buildSettings = {
				ALWAYS_SEARCH_USER_PATHS = NO;
				ASSETCATALOG_COMPILER_GENERATE_SWIFT_ASSET_SYMBOL_EXTENSIONS = YES;
				CLANG_ANALYZER_NONNULL = YES;
				CLANG_ANALYZER_NUMBER_OBJECT_CONVERSION = YES_AGGRESSIVE;
				CLANG_CXX_LANGUAGE_STANDARD = "gnu++20";
				CLANG_ENABLE_MODULES = YES;
				CLANG_ENABLE_OBJC_ARC = YES;
				CLANG_ENABLE_OBJC_WEAK = YES;
				CLANG_WARN_BLOCK_CAPTURE_AUTORELEASING = YES;
				CLANG_WARN_BOOL_CONVERSION = YES;
				CLANG_WARN_COMMA = YES;
				CLANG_WARN_CONSTANT_CONVERSION = YES;
				CLANG_WARN_DEPRECATED_OBJC_IMPLEMENTATIONS = YES;
				CLANG_WARN_DIRECT_OBJC_ISA_USAGE = YES_ERROR;
				CLANG_WARN_DOCUMENTATION_COMMENTS = YES;
				CLANG_WARN_EMPTY_BODY = YES;
				CLANG_WARN_ENUM_CONVERSION = YES;
				CLANG_WARN_INFINITE_RECURSION = YES;
				CLANG_WARN_INT_CONVERSION = YES;
				CLANG_WARN_NON_LITERAL_NULL_CONVERSION = YES;
				CLANG_WARN_OBJC_IMPLICIT_RETAIN_SELF = YES;
				CLANG_WARN_OBJC_LITERAL_CONVERSION = YES;
				CLANG_WARN_OBJC_ROOT_CLASS = YES_ERROR;
				CLANG_WARN_QUOTED_INCLUDE_IN_FRAMEWORK_HEADER = YES;
				CLANG_WARN_RANGE_LOOP_ANALYSIS = YES;
				CLANG_WARN_STRICT_PROTOTYPES = YES;
				CLANG_WARN_SUSPICIOUS_MOVE = YES;
				CLANG_WARN_UNGUARDED_AVAILABILITY = YES_AGGRESSIVE;
				CLANG_WARN_UNREACHABLE_CODE = YES;
				CLANG_WARN__DUPLICATE_METHOD_MATCH = YES;
				COPY_PHASE_STRIP = NO;
				DEBUG_INFORMATION_FORMAT = dwarf;
				ENABLE_STRICT_OBJC_MSGSEND = YES;
				ENABLE_TESTABILITY = YES;
				ENABLE_USER_SCRIPT_SANDBOXING = YES;
				GCC_C_LANGUAGE_STANDARD = gnu17;
				GCC_DYNAMIC_NO_PIC = NO;
				GCC_NO_COMMON_BLOCKS = YES;
				GCC_OPTIMIZATION_LEVEL = 0;
				GCC_PREPROCESSOR_DEFINITIONS = (
					"DEBUG=1",
					"$(inherited)",
				);
				GCC_WARN_64_TO_32_BIT_CONVERSION = YES;
				GCC_WARN_ABOUT_RETURN_TYPE = YES_ERROR;
				GCC_WARN_UNDECLARED_SELECTOR = YES;
				GCC_WARN_UNINITIALIZED_AUTOS = YES_AGGRESSIVE;
				GCC_WARN_UNUSED_FUNCTION = YES;
				GCC_WARN_UNUSED_VARIABLE = YES;
				LOCALIZATION_PREFERS_STRING_CATALOGS = YES;
				MACOSX_DEPLOYMENT_TARGET = 14.2;
				MTL_ENABLE_DEBUG_INFO = INCLUDE_SOURCE;
				MTL_FAST_MATH = YES;
				ONLY_ACTIVE_ARCH = YES;
				SDKROOT = macosx;
				SWIFT_ACTIVE_COMPILATION_CONDITIONS = "DEBUG $(inherited)";
				SWIFT_OPTIMIZATION_LEVEL = "-Onone";
			};
			name = Debug;
		};
		BF0C37F72C08FB10000BAD20 /* Release */ = {
			isa = XCBuildConfiguration;
			buildSettings = {
				ALWAYS_SEARCH_USER_PATHS = NO;
				ASSETCATALOG_COMPILER_GENERATE_SWIFT_ASSET_SYMBOL_EXTENSIONS = YES;
				CLANG_ANALYZER_NONNULL = YES;
				CLANG_ANALYZER_NUMBER_OBJECT_CONVERSION = YES_AGGRESSIVE;
				CLANG_CXX_LANGUAGE_STANDARD = "gnu++20";
				CLANG_ENABLE_MODULES = YES;
				CLANG_ENABLE_OBJC_ARC = YES;
				CLANG_ENABLE_OBJC_WEAK = YES;
				CLANG_WARN_BLOCK_CAPTURE_AUTORELEASING = YES;
				CLANG_WARN_BOOL_CONVERSION = YES;
				CLANG_WARN_COMMA = YES;
				CLANG_WARN_CONSTANT_CONVERSION = YES;
				CLANG_WARN_DEPRECATED_OBJC_IMPLEMENTATIONS = YES;
				CLANG_WARN_DIRECT_OBJC_ISA_USAGE = YES_ERROR;
				CLANG_WARN_DOCUMENTATION_COMMENTS = YES;
				CLANG_WARN_EMPTY_BODY = YES;
				CLANG_WARN_ENUM_CONVERSION = YES;
				CLANG_WARN_INFINITE_RECURSION = YES;
				CLANG_WARN_INT_CONVERSION = YES;
				CLANG_WARN_NON_LITERAL_NULL_CONVERSION = YES;
				CLANG_WARN_OBJC_IMPLICIT_RETAIN_SELF = YES;
				CLANG_WARN_OBJC_LITERAL_CONVERSION = YES;
				CLANG_WARN_OBJC_ROOT_CLASS = YES_ERROR;
				CLANG_WARN_QUOTED_INCLUDE_IN_FRAMEWORK_HEADER = YES;
				CLANG_WARN_RANGE_LOOP_ANALYSIS = YES;
				CLANG_WARN_STRICT_PROTOTYPES = YES;
				CLANG_WARN_SUSPICIOUS_MOVE = YES;
				CLANG_WARN_UNGUARDED_AVAILABILITY = YES_AGGRESSIVE;
				CLANG_WARN_UNREACHABLE_CODE = YES;
				CLANG_WARN__DUPLICATE_METHOD_MATCH = YES;
				COPY_PHASE_STRIP = NO;
				DEBUG_INFORMATION_FORMAT = "dwarf-with-dsym";
				ENABLE_NS_ASSERTIONS = NO;
				ENABLE_STRICT_OBJC_MSGSEND = YES;
				ENABLE_USER_SCRIPT_SANDBOXING = YES;
				GCC_C_LANGUAGE_STANDARD = gnu17;
				GCC_NO_COMMON_BLOCKS = YES;
				GCC_WARN_64_TO_32_BIT_CONVERSION = YES;
				GCC_WARN_ABOUT_RETURN_TYPE = YES_ERROR;
				GCC_WARN_UNDECLARED_SELECTOR = YES;
				GCC_WARN_UNINITIALIZED_AUTOS = YES_AGGRESSIVE;
				GCC_WARN_UNUSED_FUNCTION = YES;
				GCC_WARN_UNUSED_VARIABLE = YES;
				LOCALIZATION_PREFERS_STRING_CATALOGS = YES;
				MACOSX_DEPLOYMENT_TARGET = 14.2;
				MTL_ENABLE_DEBUG_INFO = NO;
				MTL_FAST_MATH = YES;
				SDKROOT = macosx;
				SWIFT_COMPILATION_MODE = wholemodule;
			};
			name = Release;
		};
		BF0C37F92C08FB10000BAD20 /* Debug */ = {
			isa = XCBuildConfiguration;
			buildSettings = {
				CODE_SIGN_STYLE = Automatic;
				PRODUCT_NAME = "$(TARGET_NAME)";
				SWIFT_VERSION = 5.0;
			};
			name = Debug;
		};
		BF0C37FA2C08FB10000BAD20 /* Release */ = {
			isa = XCBuildConfiguration;
			buildSettings = {
				CODE_SIGN_STYLE = Automatic;
				PRODUCT_NAME = "$(TARGET_NAME)";
				SWIFT_VERSION = 5.0;
			};
			name = Release;
		};
/* End XCBuildConfiguration section */

/* Begin XCConfigurationList section */
		BF0C37EC2C08FB0F000BAD20 /* Build configuration list for PBXProject "testMVC" */ = {
			isa = XCConfigurationList;
			buildConfigurations = (
				BF0C37F62C08FB10000BAD20 /* Debug */,
				BF0C37F72C08FB10000BAD20 /* Release */,
			);
			defaultConfigurationIsVisible = 0;
			defaultConfigurationName = Release;
		};
		BF0C37F82C08FB10000BAD20 /* Build configuration list for PBXNativeTarget "testMVC" */ = {
			isa = XCConfigurationList;
			buildConfigurations = (
				BF0C37F92C08FB10000BAD20 /* Debug */,
				BF0C37FA2C08FB10000BAD20 /* Release */,
			);
			defaultConfigurationIsVisible = 0;
			defaultConfigurationName = Release;
		};
/* End XCConfigurationList section */
	};
	rootObject = BF0C37E92C08FB0F000BAD20 /* Project object */;
}
